
Microsoft Visual Studio Solution File, Format Version 12.00
# Visual Studio Version 17
VisualStudioVersion = 17.5.002.0
MinimumVisualStudioVersion = 10.0.40219.1
Project("{9A19103F-16F7-4668-BE54-9A1E7A4F7556}") = "Trabalho_Herança_Veículo", "Trabalho_Herança_Veículo.csproj", "{4DEC2167-6FE4-4647-9B4D-D00512733091}"
EndProject
Global
	GlobalSection(SolutionConfigurationPlatforms) = preSolution
		Debug|Any CPU = Debug|Any CPU
		Release|Any CPU = Release|Any CPU
	EndGlobalSection
	GlobalSection(ProjectConfigurationPlatforms) = postSolution
		{4DEC2167-6FE4-4647-9B4D-D00512733091}.Debug|Any CPU.ActiveCfg = Debug|Any CPU
		{4DEC2167-6FE4-4647-9B4D-D00512733091}.Debug|Any CPU.Build.0 = Debug|Any CPU
		{4DEC2167-6FE4-4647-9B4D-D00512733091}.Release|Any CPU.ActiveCfg = Release|Any CPU
		{4DEC2167-6FE4-4647-9B4D-D00512733091}.Release|Any CPU.Build.0 = Release|Any CPU
	EndGlobalSection
	GlobalSection(SolutionProperties) = preSolution
		HideSolutionNode = FALSE
	EndGlobalSection
	GlobalSection(ExtensibilityGlobals) = postSolution
		SolutionGuid = {C55EF4C3-B573-4CF5-985E-FE924A4F9775}
	EndGlobalSection
EndGlobal
